<?xml version="1.0" encoding="utf-8"?>
<Project ToolsVersion="4.0" xmlns="http://schemas.microsoft.com/developer/msbuild/2003">
  <ItemGroup>
    <Filter Include="Source Files">
      <UniqueIdentifier>{4FC737F1-C7A5-4376-A066-2A32D752A2FF}</UniqueIdentifier>
      <Extensions>cpp;c;cc;cxx;c++;cppm;ixx;def;odl;idl;hpj;bat;asm;asmx</Extensions>
    </Filter>
    <Filter Include="Header Files">
      <UniqueIdentifier>{93995380-89BD-4b04-88EB-625FBE52EBFB}</UniqueIdentifier>
      <Extensions>h;hh;hpp;hxx;h++;hm;inl;inc;ipp;xsd</Extensions>
    </Filter>
    <Filter Include="Resource Files">
      <UniqueIdentifier>{67DA6AB6-F800-4c08-8B7A-83BB121AAD01}</UniqueIdentifier>
      <Extensions>rc;ico;cur;bmp;dlg;rc2;rct;bin;rgs;gif;jpg;jpeg;jpe;resx;tiff;tif;png;wav;mfcribbon-ms</Extensions>
    </Filter>
  </ItemGroup>
  <ItemGroup>
    <ClCompile Include="raytmx-example.cpp">
      <Filter>Source Files</Filter>
    </ClCompile>
    <ClCompile Include="TileMap.cpp">
      <Filter>Source Files</Filter>
    </ClCompile>
    <ClCompile Include="CatCharacter.cpp">
      <Filter>Source Files</Filter>
    </ClCompile>
    <ClCompile Include="enemy.cpp">
      <Filter>Source Files</Filter>
    </ClCompile>
  </ItemGroup>
  <ItemGroup>
    <ClInclude Include="..\raytmx.h">
      <Filter>Header Files</Filter>
    </ClInclude>
    <ClInclude Include="TileMap.h">
      <Filter>Header Files</Filter>
    </ClInclude>
    <ClInclude Include="CatCharacter.h">
      <Filter>Header Files</Filter>
    </ClInclude>
    <ClInclude Include="enemy.h">
      <Filter>Header Files</Filter>
    </ClInclude>
  </ItemGroup>
  <ItemGroup>
    <Image Include="tilesets\fade.png">
      <Filter>Resource Files</Filter>
    </Image>
    <Image Include="tilesets\grass.png">
      <Filter>Resource Files</Filter>
    </Image>
    <Image Include="tilesets\ruins.png">
      <Filter>Resource Files</Filter>
    </Image>
    <Image Include="tilesets\shadows.png">
      <Filter>Resource Files</Filter>
    </Image>
    <Image Include="tilesets\trees.png">
      <Filter>Resource Files</Filter>
    </Image>
    <Image Include="assets\Asparagus.png">
      <Filter>Resource Files</Filter>
    </Image>
    <Image Include="assets\carpet man.png">
      <Filter>Resource Files</Filter>
    </Image>
    <Image Include="assets\carSurvivor.png">
      <Filter>Resource Files</Filter>
    </Image>
    <Image Include="assets\carSurvivorUp.png">
      <Filter>Resource Files</Filter>
    </Image>
    <Image Include="assets\CatSurvivor.png">
      <Filter>Resource Files</Filter>
    </Image>
    <Image Include="assets\coolTileset.png">
      <Filter>Resource Files</Filter>
    </Image>
    <Image Include="assets\darkness.png">
      <Filter>Resource Files</Filter>
    </Image>
    <Image Include="assets\Decay.png">
      <Filter>Resource Files</Filter>
    </Image>
    <Image Include="assets\map idea.png">
      <Filter>Resource Files</Filter>
    </Image>
    <Image Include="assets\scary monster guy.png">
      <Filter>Resource Files</Filter>
    </Image>
    <Image Include="assets\testmap.png">
      <Filter>Resource Files</Filter>
    </Image>
    <Image Include="assets\WhiteCar.png">
      <Filter>Resource Files</Filter>
    </Image>
    <Image Include="assets\WhiteCarBack.png">
      <Filter>Resource Files</Filter>
    </Image>
    <Image Include="assets\WhiteCarIdle.png">
      <Filter>Resource Files</Filter>
    </Image>
  </ItemGroup>
  <ItemGroup>
    <None Include="tilesets\shadows.tsx">
      <Filter>Resource Files</Filter>
    </None>
    <None Include="tilesets\trees.tsx">
      <Filter>Resource Files</Filter>
    </None>
    <None Include="maps\door.tx">
      <Filter>Resource Files</Filter>
    </None>
    <None Include="packages.config" />
    <None Include="assets\car.piskel" />
    <None Include="assets\CatSurvivor.piskel" />
    <None Include="assets\forgotten tileset.tsx" />
    <None Include="assets\testmap..tmx" />
    <None Include="assets\thehalls.tmx" />
    <None Include="assets\raytmx-example.tiled-project" />
    <None Include="assets\raytmx-example.tmx" />
    <None Include="assets\door.tx" />
  </ItemGroup>
</Project>